
Microsoft Visual Studio Solution File, Format Version 11.00
# Visual Studio 2010
Project("{FAE04EC0-301F-11D3-BF4B-00C04F79EFBC}") = "Calculator", "WindowsFormsApplication3\Calculator.csproj", "{B86B3F7C-F6A0-4A03-A0CD-01CD2B0D639A}"
EndProject
Global
	GlobalSection(SolutionConfigurationPlatforms) = preSolution
		Debug|x86 = Debug|x86
		Release|x86 = Release|x86
	EndGlobalSection
	GlobalSection(ProjectConfigurationPlatforms) = postSolution
		{B86B3F7C-F6A0-4A03-A0CD-01CD2B0D639A}.Debug|x86.ActiveCfg = Debug|x86
		{B86B3F7C-F6A0-4A03-A0CD-01CD2B0D639A}.Debug|x86.Build.0 = Debug|x86
		{B86B3F7C-F6A0-4A03-A0CD-01CD2B0D639A}.Release|x86.ActiveCfg = Debug|x86
		{B86B3F7C-F6A0-4A03-A0CD-01CD2B0D639A}.Release|x86.Build.0 = Debug|x86
	EndGlobalSection
	GlobalSection(SolutionProperties) = preSolution
		HideSolutionNode = FALSE
	EndGlobalSection
EndGlobal
